
Microsoft Visual Studio Solution File, Format Version 12.00
# Visual Studio Version 16
VisualStudioVersion = 16.0.30804.86
MinimumVisualStudioVersion = 10.0.40219.1
Project("{9A19103F-16F7-4668-BE54-9A1E7A4F7556}") = "HalDiscrodBot.Console", "HalDiscrodBot.Console\HalDiscrodBot.Console.csproj", "{A59FD999-FDC1-48DF-941C-A76012262D40}"
EndProject
Project("{9A19103F-16F7-4668-BE54-9A1E7A4F7556}") = "HalDiscordBot.Core", "HalDiscordBot.Core\HalDiscordBot.Core.csproj", "{2311FCD6-6975-4B48-A3C1-D7261FCE0A62}"
EndProject
Project("{9A19103F-16F7-4668-BE54-9A1E7A4F7556}") = "HalDiscordBot.Log", "HalDiscordBot.Log\HalDiscordBot.Log.csproj", "{09A26C9F-771F-4CC7-BED7-F987191FD6E2}"
EndProject
Project("{9A19103F-16F7-4668-BE54-9A1E7A4F7556}") = "HalDiscordBot.Rest", "HalDiscordBot.Rest\HalDiscordBot.Rest.csproj", "{FEABD86B-E90C-405D-B3BC-28608CD67D0A}"
EndProject
Project("{9A19103F-16F7-4668-BE54-9A1E7A4F7556}") = "HalDiscrodBot.Utils", "HalDiscrodBot.Utils\HalDiscrodBot.Utils.csproj", "{42B66654-FFA4-4E41-B6A5-68A1433F9269}"
EndProject
Project("{9A19103F-16F7-4668-BE54-9A1E7A4F7556}") = "HalDiscordBot.Models", "HalDiscordBot.Models\HalDiscordBot.Models.csproj", "{2CD30F12-0DF0-4510-ACD6-B7F91CD97E99}"
EndProject
Global
	GlobalSection(SolutionConfigurationPlatforms) = preSolution
		Debug|Any CPU = Debug|Any CPU
		Debug|x86 = Debug|x86
		Release|Any CPU = Release|Any CPU
		Release|x86 = Release|x86
	EndGlobalSection
	GlobalSection(ProjectConfigurationPlatforms) = postSolution
		{A59FD999-FDC1-48DF-941C-A76012262D40}.Debug|Any CPU.ActiveCfg = Debug|Any CPU
		{A59FD999-FDC1-48DF-941C-A76012262D40}.Debug|Any CPU.Build.0 = Debug|Any CPU
		{A59FD999-FDC1-48DF-941C-A76012262D40}.Debug|x86.ActiveCfg = Debug|x86
		{A59FD999-FDC1-48DF-941C-A76012262D40}.Debug|x86.Build.0 = Debug|x86
		{A59FD999-FDC1-48DF-941C-A76012262D40}.Release|Any CPU.ActiveCfg = Release|Any CPU
		{A59FD999-FDC1-48DF-941C-A76012262D40}.Release|Any CPU.Build.0 = Release|Any CPU
		{A59FD999-FDC1-48DF-941C-A76012262D40}.Release|x86.ActiveCfg = Release|x86
		{A59FD999-FDC1-48DF-941C-A76012262D40}.Release|x86.Build.0 = Release|x86
		{2311FCD6-6975-4B48-A3C1-D7261FCE0A62}.Debug|Any CPU.ActiveCfg = Debug|Any CPU
		{2311FCD6-6975-4B48-A3C1-D7261FCE0A62}.Debug|Any CPU.Build.0 = Debug|Any CPU
		{2311FCD6-6975-4B48-A3C1-D7261FCE0A62}.Debug|x86.ActiveCfg = Debug|x86
		{2311FCD6-6975-4B48-A3C1-D7261FCE0A62}.Debug|x86.Build.0 = Debug|x86
		{2311FCD6-6975-4B48-A3C1-D7261FCE0A62}.Release|Any CPU.ActiveCfg = Release|Any CPU
		{2311FCD6-6975-4B48-A3C1-D7261FCE0A62}.Release|Any CPU.Build.0 = Release|Any CPU
		{2311FCD6-6975-4B48-A3C1-D7261FCE0A62}.Release|x86.ActiveCfg = Release|x86
		{2311FCD6-6975-4B48-A3C1-D7261FCE0A62}.Release|x86.Build.0 = Release|x86
		{09A26C9F-771F-4CC7-BED7-F987191FD6E2}.Debug|Any CPU.ActiveCfg = Debug|Any CPU
		{09A26C9F-771F-4CC7-BED7-F987191FD6E2}.Debug|Any CPU.Build.0 = Debug|Any CPU
		{09A26C9F-771F-4CC7-BED7-F987191FD6E2}.Debug|x86.ActiveCfg = Debug|x86
		{09A26C9F-771F-4CC7-BED7-F987191FD6E2}.Debug|x86.Build.0 = Debug|x86
		{09A26C9F-771F-4CC7-BED7-F987191FD6E2}.Release|Any CPU.ActiveCfg = Release|Any CPU
		{09A26C9F-771F-4CC7-BED7-F987191FD6E2}.Release|Any CPU.Build.0 = Release|Any CPU
		{09A26C9F-771F-4CC7-BED7-F987191FD6E2}.Release|x86.ActiveCfg = Release|x86
		{09A26C9F-771F-4CC7-BED7-F987191FD6E2}.Release|x86.Build.0 = Release|x86
		{FEABD86B-E90C-405D-B3BC-28608CD67D0A}.Debug|Any CPU.ActiveCfg = Debug|Any CPU
		{FEABD86B-E90C-405D-B3BC-28608CD67D0A}.Debug|Any CPU.Build.0 = Debug|Any CPU
		{FEABD86B-E90C-405D-B3BC-28608CD67D0A}.Debug|x86.ActiveCfg = Debug|x86
		{FEABD86B-E90C-405D-B3BC-28608CD67D0A}.Debug|x86.Build.0 = Debug|x86
		{FEABD86B-E90C-405D-B3BC-28608CD67D0A}.Release|Any CPU.ActiveCfg = Release|Any CPU
		{FEABD86B-E90C-405D-B3BC-28608CD67D0A}.Release|Any CPU.Build.0 = Release|Any CPU
		{FEABD86B-E90C-405D-B3BC-28608CD67D0A}.Release|x86.ActiveCfg = Release|x86
		{FEABD86B-E90C-405D-B3BC-28608CD67D0A}.Release|x86.Build.0 = Release|x86
		{42B66654-FFA4-4E41-B6A5-68A1433F9269}.Debug|Any CPU.ActiveCfg = Debug|Any CPU
		{42B66654-FFA4-4E41-B6A5-68A1433F9269}.Debug|Any CPU.Build.0 = Debug|Any CPU
		{42B66654-FFA4-4E41-B6A5-68A1433F9269}.Debug|x86.ActiveCfg = Debug|x86
		{42B66654-FFA4-4E41-B6A5-68A1433F9269}.Debug|x86.Build.0 = Debug|x86
		{42B66654-FFA4-4E41-B6A5-68A1433F9269}.Release|Any CPU.ActiveCfg = Release|Any CPU
		{42B66654-FFA4-4E41-B6A5-68A1433F9269}.Release|Any CPU.Build.0 = Release|Any CPU
		{42B66654-FFA4-4E41-B6A5-68A1433F9269}.Release|x86.ActiveCfg = Release|x86
		{42B66654-FFA4-4E41-B6A5-68A1433F9269}.Release|x86.Build.0 = Release|x86
		{2CD30F12-0DF0-4510-ACD6-B7F91CD97E99}.Debug|Any CPU.ActiveCfg = Debug|Any CPU
		{2CD30F12-0DF0-4510-ACD6-B7F91CD97E99}.Debug|Any CPU.Build.0 = Debug|Any CPU
		{2CD30F12-0DF0-4510-ACD6-B7F91CD97E99}.Debug|x86.ActiveCfg = Debug|x86
		{2CD30F12-0DF0-4510-ACD6-B7F91CD97E99}.Debug|x86.Build.0 = Debug|x86
		{2CD30F12-0DF0-4510-ACD6-B7F91CD97E99}.Release|Any CPU.ActiveCfg = Release|Any CPU
		{2CD30F12-0DF0-4510-ACD6-B7F91CD97E99}.Release|Any CPU.Build.0 = Release|Any CPU
		{2CD30F12-0DF0-4510-ACD6-B7F91CD97E99}.Release|x86.ActiveCfg = Release|x86
		{2CD30F12-0DF0-4510-ACD6-B7F91CD97E99}.Release|x86.Build.0 = Release|x86
	EndGlobalSection
	GlobalSection(SolutionProperties) = preSolution
		HideSolutionNode = FALSE
	EndGlobalSection
	GlobalSection(ExtensibilityGlobals) = postSolution
		SolutionGuid = {44D737DA-40F4-4FF7-94B4-CEEA68FA4C46}
	EndGlobalSection
EndGlobal
